
Microsoft Visual Studio Solution File, Format Version 12.00
# Visual Studio Version 16
VisualStudioVersion = 16.0.31105.61
MinimumVisualStudioVersion = 10.0.40219.1
Project("{9A19103F-16F7-4668-BE54-9A1E7A4F7556}") = "APBD11.Server", "APBD11\Server\APBD11.Server.csproj", "{153CA20B-D641-4826-8F42-0EA519160B59}"
EndProject
Project("{9A19103F-16F7-4668-BE54-9A1E7A4F7556}") = "APBD11.Client", "APBD11\Client\APBD11.Client.csproj", "{5A0269AB-3A35-4452-A020-EB7DD075AB5A}"
EndProject
Project("{9A19103F-16F7-4668-BE54-9A1E7A4F7556}") = "APBD11.Shared", "APBD11\Shared\APBD11.Shared.csproj", "{5146E2E2-01DF-4EC4-899B-1B44EC6AE8D9}"
EndProject
Global
	GlobalSection(SolutionConfigurationPlatforms) = preSolution
		Debug|Any CPU = Debug|Any CPU
		Release|Any CPU = Release|Any CPU
	EndGlobalSection
	GlobalSection(ProjectConfigurationPlatforms) = postSolution
		{153CA20B-D641-4826-8F42-0EA519160B59}.Debug|Any CPU.ActiveCfg = Debug|Any CPU
		{153CA20B-D641-4826-8F42-0EA519160B59}.Debug|Any CPU.Build.0 = Debug|Any CPU
		{153CA20B-D641-4826-8F42-0EA519160B59}.Release|Any CPU.ActiveCfg = Release|Any CPU
		{153CA20B-D641-4826-8F42-0EA519160B59}.Release|Any CPU.Build.0 = Release|Any CPU
		{5A0269AB-3A35-4452-A020-EB7DD075AB5A}.Debug|Any CPU.ActiveCfg = Debug|Any CPU
		{5A0269AB-3A35-4452-A020-EB7DD075AB5A}.Debug|Any CPU.Build.0 = Debug|Any CPU
		{5A0269AB-3A35-4452-A020-EB7DD075AB5A}.Release|Any CPU.ActiveCfg = Release|Any CPU
		{5A0269AB-3A35-4452-A020-EB7DD075AB5A}.Release|Any CPU.Build.0 = Release|Any CPU
		{5146E2E2-01DF-4EC4-899B-1B44EC6AE8D9}.Debug|Any CPU.ActiveCfg = Debug|Any CPU
		{5146E2E2-01DF-4EC4-899B-1B44EC6AE8D9}.Debug|Any CPU.Build.0 = Debug|Any CPU
		{5146E2E2-01DF-4EC4-899B-1B44EC6AE8D9}.Release|Any CPU.ActiveCfg = Release|Any CPU
		{5146E2E2-01DF-4EC4-899B-1B44EC6AE8D9}.Release|Any CPU.Build.0 = Release|Any CPU
	EndGlobalSection
	GlobalSection(SolutionProperties) = preSolution
		HideSolutionNode = FALSE
	EndGlobalSection
	GlobalSection(ExtensibilityGlobals) = postSolution
		SolutionGuid = {78B7EA45-5169-46E1-928F-57DC0A16194B}
	EndGlobalSection
EndGlobal
