
Microsoft Visual Studio Solution File, Format Version 12.00
# Visual Studio Version 16
VisualStudioVersion = 16.0.31105.61
MinimumVisualStudioVersion = 10.0.40219.1
Project("{FAE04EC0-301F-11D3-BF4B-00C04F79EFBC}") = "APBD4", "APBD4\APBD4.csproj", "{32A7309A-1621-4841-8813-D793640BFED0}"
EndProject
Global
	GlobalSection(SolutionConfigurationPlatforms) = preSolution
		Debug|Any CPU = Debug|Any CPU
		Release|Any CPU = Release|Any CPU
	EndGlobalSection
	GlobalSection(ProjectConfigurationPlatforms) = postSolution
		{32A7309A-1621-4841-8813-D793640BFED0}.Debug|Any CPU.ActiveCfg = Debug|Any CPU
		{32A7309A-1621-4841-8813-D793640BFED0}.Debug|Any CPU.Build.0 = Debug|Any CPU
		{32A7309A-1621-4841-8813-D793640BFED0}.Release|Any CPU.ActiveCfg = Release|Any CPU
		{32A7309A-1621-4841-8813-D793640BFED0}.Release|Any CPU.Build.0 = Release|Any CPU
	EndGlobalSection
	GlobalSection(SolutionProperties) = preSolution
		HideSolutionNode = FALSE
	EndGlobalSection
	GlobalSection(ExtensibilityGlobals) = postSolution
		SolutionGuid = {0CD16011-F34A-44C1-A22F-FFD3B47ACA13}
	EndGlobalSection
EndGlobal
