
Microsoft Visual Studio Solution File, Format Version 12.00
# Visual Studio Version 16
VisualStudioVersion = 16.0.31105.61
MinimumVisualStudioVersion = 10.0.40219.1
Project("{FAE04EC0-301F-11D3-BF4B-00C04F79EFBC}") = "s20511Kolos1", "s20511Kolos1\s20511Kolos1.csproj", "{ABC85D8D-E1A7-44BD-9596-33261B9F1794}"
EndProject
Global
	GlobalSection(SolutionConfigurationPlatforms) = preSolution
		Debug|Any CPU = Debug|Any CPU
		Release|Any CPU = Release|Any CPU
	EndGlobalSection
	GlobalSection(ProjectConfigurationPlatforms) = postSolution
		{ABC85D8D-E1A7-44BD-9596-33261B9F1794}.Debug|Any CPU.ActiveCfg = Debug|Any CPU
		{ABC85D8D-E1A7-44BD-9596-33261B9F1794}.Debug|Any CPU.Build.0 = Debug|Any CPU
		{ABC85D8D-E1A7-44BD-9596-33261B9F1794}.Release|Any CPU.ActiveCfg = Release|Any CPU
		{ABC85D8D-E1A7-44BD-9596-33261B9F1794}.Release|Any CPU.Build.0 = Release|Any CPU
	EndGlobalSection
	GlobalSection(SolutionProperties) = preSolution
		HideSolutionNode = FALSE
	EndGlobalSection
	GlobalSection(ExtensibilityGlobals) = postSolution
		SolutionGuid = {265FFB5B-8DAF-48B9-9A20-160C28E09F49}
	EndGlobalSection
EndGlobal
